
Microsoft Visual Studio Solution File, Format Version 12.00
# Visual Studio Version 17
VisualStudioVersion = 17.10.35013.160
MinimumVisualStudioVersion = 10.0.40219.1
Project("{FAE04EC0-301F-11D3-BF4B-00C04F79EFBC}") = "RCTENNIS", "RCTENNIS.csproj", "{6F4B0DA0-ED95-457B-A252-44667B2F413C}"
EndProject
Global
	GlobalSection(SolutionConfigurationPlatforms) = preSolution
		Debug|Any CPU = Debug|Any CPU
		Release|Any CPU = Release|Any CPU
	EndGlobalSection
	GlobalSection(ProjectConfigurationPlatforms) = postSolution
		{6F4B0DA0-ED95-457B-A252-44667B2F413C}.Debug|Any CPU.ActiveCfg = Debug|Any CPU
		{6F4B0DA0-ED95-457B-A252-44667B2F413C}.Debug|Any CPU.Build.0 = Debug|Any CPU
		{6F4B0DA0-ED95-457B-A252-44667B2F413C}.Release|Any CPU.ActiveCfg = Release|Any CPU
		{6F4B0DA0-ED95-457B-A252-44667B2F413C}.Release|Any CPU.Build.0 = Release|Any CPU
	EndGlobalSection
	GlobalSection(SolutionProperties) = preSolution
		HideSolutionNode = FALSE
	EndGlobalSection
	GlobalSection(ExtensibilityGlobals) = postSolution
		SolutionGuid = {B9C3D502-ED1B-42CE-861C-E254FCC74BDE}
	EndGlobalSection
EndGlobal
